
Microsoft Visual Studio Solution File, Format Version 12.00
# Visual Studio 15
VisualStudioVersion = 15.0.28010.2003
MinimumVisualStudioVersion = 10.0.40219.1
Project("{FAE04EC0-301F-11D3-BF4B-00C04F79EFBC}") = "BLogger", "BLogger\BLogger.csproj", "{A62E5CDB-4B71-4021-82B3-4D6A41497E88}"
EndProject
Project("{FAE04EC0-301F-11D3-BF4B-00C04F79EFBC}") = "Test", "Test\Test.csproj", "{3EC23487-D3EC-4CF0-8358-227156082507}"
EndProject
Global
	GlobalSection(SolutionConfigurationPlatforms) = preSolution
		Debug|Any CPU = Debug|Any CPU
		Release|Any CPU = Release|Any CPU
	EndGlobalSection
	GlobalSection(ProjectConfigurationPlatforms) = postSolution
		{A62E5CDB-4B71-4021-82B3-4D6A41497E88}.Debug|Any CPU.ActiveCfg = Debug|Any CPU
		{A62E5CDB-4B71-4021-82B3-4D6A41497E88}.Debug|Any CPU.Build.0 = Debug|Any CPU
		{A62E5CDB-4B71-4021-82B3-4D6A41497E88}.Release|Any CPU.ActiveCfg = Release|Any CPU
		{A62E5CDB-4B71-4021-82B3-4D6A41497E88}.Release|Any CPU.Build.0 = Release|Any CPU
		{3EC23487-D3EC-4CF0-8358-227156082507}.Debug|Any CPU.ActiveCfg = Debug|Any CPU
		{3EC23487-D3EC-4CF0-8358-227156082507}.Debug|Any CPU.Build.0 = Debug|Any CPU
		{3EC23487-D3EC-4CF0-8358-227156082507}.Release|Any CPU.ActiveCfg = Release|Any CPU
		{3EC23487-D3EC-4CF0-8358-227156082507}.Release|Any CPU.Build.0 = Release|Any CPU
	EndGlobalSection
	GlobalSection(SolutionProperties) = preSolution
		HideSolutionNode = FALSE
	EndGlobalSection
	GlobalSection(ExtensibilityGlobals) = postSolution
		SolutionGuid = {284518D7-98C7-478F-94E2-80F549617F3B}
	EndGlobalSection
EndGlobal
